// !$*UTF8*$!
{
	archiveVersion = 1;
	classes = {
	};
	objectVersion = 46;
	objects = {

/* Begin PBXBuildFile section */
		B0A1004E1C4688A70092CBE9 /* AppDelegate.swift in Sources */ = {isa = PBXBuildFile; fileRef = B0A1004D1C4688A70092CBE9 /* AppDelegate.swift */; };
		B0A100501C4688A70092CBE9 /* ViewController.swift in Sources */ = {isa = PBXBuildFile; fileRef = B0A1004F1C4688A70092CBE9 /* ViewController.swift */; };
		B0A1005C1C4688A70092CBE9 /* Main.storyboard in Resources */ = {isa = PBXBuildFile; fileRef = B0A1005A1C4688A70092CBE9 /* Main.storyboard */; };
		B0A1005E1C4688A70092CBE9 /* Assets.xcassets in Resources */ = {isa = PBXBuildFile; fileRef = B0A1005D1C4688A70092CBE9 /* Assets.xcassets */; };
		B0A100611C4688A70092CBE9 /* LaunchScreen.storyboard in Resources */ = {isa = PBXBuildFile; fileRef = B0A1005F1C4688A70092CBE9 /* LaunchScreen.storyboard */; };
		B0A100851C4688BE0092CBE9 /* GuitarString.swift in Sources */ = {isa = PBXBuildFile; fileRef = B0A100841C4688BE0092CBE9 /* GuitarString.swift */; };
		B0BD4E411C662A5E00B84077 /* CoreAudio.framework in Frameworks */ = {isa = PBXBuildFile; fileRef = B0BD4E401C662A5E00B84077 /* CoreAudio.framework */; };
		B0BD4E4B1C6694FE00B84077 /* FluidR3 GM2-2.SF2 in Resources */ = {isa = PBXBuildFile; fileRef = B0BD4E4A1C6694FE00B84077 /* FluidR3 GM2-2.SF2 */; };
/* End PBXBuildFile section */

/* Begin PBXContainerItemProxy section */
		B0A100681C4688A70092CBE9 /* PBXContainerItemProxy */ = {
			isa = PBXContainerItemProxy;
			containerPortal = B0A100421C4688A70092CBE9 /* Project object */;
			proxyType = 1;
			remoteGlobalIDString = B0A100491C4688A70092CBE9;
			remoteInfo = AVAudioUnitSamplerFrobs;
		};
		B0A100731C4688A70092CBE9 /* PBXContainerItemProxy */ = {
			isa = PBXContainerItemProxy;
			containerPortal = B0A100421C4688A70092CBE9 /* Project object */;
			proxyType = 1;
			remoteGlobalIDString = B0A100491C4688A70092CBE9;
			remoteInfo = AVAudioUnitSamplerFrobs;
		};
/* End PBXContainerItemProxy section */

/* Begin PBXFileReference section */
		B0A1004A1C4688A70092CBE9 /* AirGuitar.app */ = {isa = PBXFileReference; explicitFileType = wrapper.application; includeInIndex = 0; path = AirGuitar.app; sourceTree = BUILT_PRODUCTS_DIR; };
		B0A1004D1C4688A70092CBE9 /* AppDelegate.swift */ = {isa = PBXFileReference; lastKnownFileType = sourcecode.swift; path = AppDelegate.swift; sourceTree = "<group>"; };
		B0A1004F1C4688A70092CBE9 /* ViewController.swift */ = {isa = PBXFileReference; lastKnownFileType = sourcecode.swift; path = ViewController.swift; sourceTree = "<group>"; };
		B0A1005B1C4688A70092CBE9 /* Base */ = {isa = PBXFileReference; lastKnownFileType = file.storyboard; name = Base; path = Base.lproj/Main.storyboard; sourceTree = "<group>"; };
		B0A1005D1C4688A70092CBE9 /* Assets.xcassets */ = {isa = PBXFileReference; lastKnownFileType = folder.assetcatalog; path = Assets.xcassets; sourceTree = "<group>"; };
		B0A100601C4688A70092CBE9 /* Base */ = {isa = PBXFileReference; lastKnownFileType = file.storyboard; name = Base; path = Base.lproj/LaunchScreen.storyboard; sourceTree = "<group>"; };
		B0A100621C4688A70092CBE9 /* Info.plist */ = {isa = PBXFileReference; lastKnownFileType = text.plist.xml; path = Info.plist; sourceTree = "<group>"; };
		B0A100671C4688A70092CBE9 /* AirGuitarTests.xctest */ = {isa = PBXFileReference; explicitFileType = wrapper.cfbundle; includeInIndex = 0; path = AirGuitarTests.xctest; sourceTree = BUILT_PRODUCTS_DIR; };
		B0A100721C4688A70092CBE9 /* AirGuitarUITests.xctest */ = {isa = PBXFileReference; explicitFileType = wrapper.cfbundle; includeInIndex = 0; path = AirGuitarUITests.xctest; sourceTree = BUILT_PRODUCTS_DIR; };
		B0A100841C4688BE0092CBE9 /* GuitarString.swift */ = {isa = PBXFileReference; fileEncoding = 4; lastKnownFileType = sourcecode.swift; path = GuitarString.swift; sourceTree = "<group>"; };
		B0BD4E401C662A5E00B84077 /* CoreAudio.framework */ = {isa = PBXFileReference; lastKnownFileType = wrapper.framework; name = CoreAudio.framework; path = System/Library/Frameworks/CoreAudio.framework; sourceTree = SDKROOT; };
		B0BD4E4A1C6694FE00B84077 /* FluidR3 GM2-2.SF2 */ = {isa = PBXFileReference; lastKnownFileType = file; path = "FluidR3 GM2-2.SF2"; sourceTree = "<group>"; };
/* End PBXFileReference section */

/* Begin PBXFrameworksBuildPhase section */
		B0A100471C4688A70092CBE9 /* Frameworks */ = {
			isa = PBXFrameworksBuildPhase;
			buildActionMask = 2147483647;
			files = (
				B0BD4E411C662A5E00B84077 /* CoreAudio.framework in Frameworks */,
			);
			runOnlyForDeploymentPostprocessing = 0;
		};
		B0A100641C4688A70092CBE9 /* Frameworks */ = {
			isa = PBXFrameworksBuildPhase;
			buildActionMask = 2147483647;
			files = (
			);
			runOnlyForDeploymentPostprocessing = 0;
		};
		B0A1006F1C4688A70092CBE9 /* Frameworks */ = {
			isa = PBXFrameworksBuildPhase;
			buildActionMask = 2147483647;
			files = (
			);
			runOnlyForDeploymentPostprocessing = 0;
		};
/* End PBXFrameworksBuildPhase section */

/* Begin PBXGroup section */
		B0A100411C4688A70092CBE9 = {
			isa = PBXGroup;
			children = (
				B0BD4E401C662A5E00B84077 /* CoreAudio.framework */,
				B0A1004C1C4688A70092CBE9 /* AirGuitar */,
				B0A1004B1C4688A70092CBE9 /* Products */,
			);
			sourceTree = "<group>";
		};
		B0A1004B1C4688A70092CBE9 /* Products */ = {
			isa = PBXGroup;
			children = (
				B0A1004A1C4688A70092CBE9 /* AirGuitar.app */,
				B0A100671C4688A70092CBE9 /* AirGuitarTests.xctest */,
				B0A100721C4688A70092CBE9 /* AirGuitarUITests.xctest */,
			);
			name = Products;
			sourceTree = "<group>";
		};
		B0A1004C1C4688A70092CBE9 /* AirGuitar */ = {
			isa = PBXGroup;
			children = (
				B0BD4E4A1C6694FE00B84077 /* FluidR3 GM2-2.SF2 */,
				B0A1004D1C4688A70092CBE9 /* AppDelegate.swift */,
				B0A1004F1C4688A70092CBE9 /* ViewController.swift */,
				B0A100841C4688BE0092CBE9 /* GuitarString.swift */,
				B0A1005A1C4688A70092CBE9 /* Main.storyboard */,
				B0A1005D1C4688A70092CBE9 /* Assets.xcassets */,
				B0A1005F1C4688A70092CBE9 /* LaunchScreen.storyboard */,
				B0A100621C4688A70092CBE9 /* Info.plist */,
			);
			path = AirGuitar;
			sourceTree = "<group>";
		};
/* End PBXGroup section */

/* Begin PBXNativeTarget section */
		B0A100491C4688A70092CBE9 /* AirGuitar */ = {
			isa = PBXNativeTarget;
			buildConfigurationList = B0A1007B1C4688A70092CBE9 /* Build configuration list for PBXNativeTarget "AirGuitar" */;
			buildPhases = (
				B007FA9C1FC0BCB300943593 /* ShellScript */,
				B0A100461C4688A70092CBE9 /* Sources */,
				B0A100471C4688A70092CBE9 /* Frameworks */,
				B0A100481C4688A70092CBE9 /* Resources */,
			);
			buildRules = (
			);
			dependencies = (
			);
			name = AirGuitar;
			productName = AVAudioUnitSamplerFrobs;
			productReference = B0A1004A1C4688A70092CBE9 /* AirGuitar.app */;
			productType = "com.apple.product-type.application";
		};
		B0A100661C4688A70092CBE9 /* AirGuitarTests */ = {
			isa = PBXNativeTarget;
			buildConfigurationList = B0A1007E1C4688A70092CBE9 /* Build configuration list for PBXNativeTarget "AirGuitarTests" */;
			buildPhases = (
				B0A100631C4688A70092CBE9 /* Sources */,
				B0A100641C4688A70092CBE9 /* Frameworks */,
				B0A100651C4688A70092CBE9 /* Resources */,
			);
			buildRules = (
			);
			dependencies = (
				B0A100691C4688A70092CBE9 /* PBXTargetDependency */,
			);
			name = AirGuitarTests;
			productName = AVAudioUnitSamplerFrobsTests;
			productReference = B0A100671C4688A70092CBE9 /* AirGuitarTests.xctest */;
			productType = "com.apple.product-type.bundle.unit-test";
		};
		B0A100711C4688A70092CBE9 /* AirGuitarUITests */ = {
			isa = PBXNativeTarget;
			buildConfigurationList = B0A100811C4688A70092CBE9 /* Build configuration list for PBXNativeTarget "AirGuitarUITests" */;
			buildPhases = (
				B0A1006E1C4688A70092CBE9 /* Sources */,
				B0A1006F1C4688A70092CBE9 /* Frameworks */,
				B0A100701C4688A70092CBE9 /* Resources */,
			);
			buildRules = (
			);
			dependencies = (
				B0A100741C4688A70092CBE9 /* PBXTargetDependency */,
			);
			name = AirGuitarUITests;
			productName = AVAudioUnitSamplerFrobsUITests;
			productReference = B0A100721C4688A70092CBE9 /* AirGuitarUITests.xctest */;
			productType = "com.apple.product-type.bundle.ui-testing";
		};
/* End PBXNativeTarget section */

/* Begin PBXProject section */
		B0A100421C4688A70092CBE9 /* Project object */ = {
			isa = PBXProject;
			attributes = {
				LastSwiftUpdateCheck = 0720;
				LastUpgradeCheck = 0910;
				ORGANIZATIONNAME = "";
				TargetAttributes = {
					B0A100491C4688A70092CBE9 = {
						CreatedOnToolsVersion = 7.2;
						DevelopmentTeam = 7SBDZF5746;
						LastSwiftMigration = 0910;
					};
					B0A100661C4688A70092CBE9 = {
						CreatedOnToolsVersion = 7.2;
						DevelopmentTeam = 4UDK2944TW;
						LastSwiftMigration = 0910;
						TestTargetID = B0A100491C4688A70092CBE9;
					};
					B0A100711C4688A70092CBE9 = {
						CreatedOnToolsVersion = 7.2;
						DevelopmentTeam = 4UDK2944TW;
						LastSwiftMigration = 0910;
						TestTargetID = B0A100491C4688A70092CBE9;
					};
				};
			};
			buildConfigurationList = B0A100451C4688A70092CBE9 /* Build configuration list for PBXProject "AirGuitar" */;
			compatibilityVersion = "Xcode 3.2";
			developmentRegion = English;
			hasScannedForEncodings = 0;
			knownRegions = (
				English,
				en,
				Base,
			);
			mainGroup = B0A100411C4688A70092CBE9;
			productRefGroup = B0A1004B1C4688A70092CBE9 /* Products */;
			projectDirPath = "";
			projectRoot = "";
			targets = (
				B0A100491C4688A70092CBE9 /* AirGuitar */,
				B0A100661C4688A70092CBE9 /* AirGuitarTests */,
				B0A100711C4688A70092CBE9 /* AirGuitarUITests */,
			);
		};
/* End PBXProject section */

/* Begin PBXResourcesBuildPhase section */
		B0A100481C4688A70092CBE9 /* Resources */ = {
			isa = PBXResourcesBuildPhase;
			buildActionMask = 2147483647;
			files = (
				B0A100611C4688A70092CBE9 /* LaunchScreen.storyboard in Resources */,
				B0A1005C1C4688A70092CBE9 /* Main.storyboard in Resources */,
				B0BD4E4B1C6694FE00B84077 /* FluidR3 GM2-2.SF2 in Resources */,
				B0A1005E1C4688A70092CBE9 /* Assets.xcassets in Resources */,
			);
			runOnlyForDeploymentPostprocessing = 0;
		};
		B0A100651C4688A70092CBE9 /* Resources */ = {
			isa = PBXResourcesBuildPhase;
			buildActionMask = 2147483647;
			files = (
			);
			runOnlyForDeploymentPostprocessing = 0;
		};
		B0A100701C4688A70092CBE9 /* Resources */ = {
			isa = PBXResourcesBuildPhase;
			buildActionMask = 2147483647;
			files = (
			);
			runOnlyForDeploymentPostprocessing = 0;
		};
/* End PBXResourcesBuildPhase section */

/* Begin PBXShellScriptBuildPhase section */
		B007FA9C1FC0BCB300943593 /* ShellScript */ = {
			isa = PBXShellScriptBuildPhase;
			buildActionMask = 2147483647;
			files = (
			);
			inputPaths = (
			);
			outputPaths = (
			);
			runOnlyForDeploymentPostprocessing = 0;
			shellPath = /bin/sh;
			shellScript = "if which swiftlint >/dev/null; then\nswiftlint\nelse\necho \"warning: SwiftLint not installed, download from https://github.com/realm/SwiftLint\"\nfi\n";
		};
/* End PBXShellScriptBuildPhase section */

/* Begin PBXSourcesBuildPhase section */
		B0A100461C4688A70092CBE9 /* Sources */ = {
			isa = PBXSourcesBuildPhase;
			buildActionMask = 2147483647;
			files = (
				B0A100501C4688A70092CBE9 /* ViewController.swift in Sources */,
				B0A100851C4688BE0092CBE9 /* GuitarString.swift in Sources */,
				B0A1004E1C4688A70092CBE9 /* AppDelegate.swift in Sources */,
			);
			runOnlyForDeploymentPostprocessing = 0;
		};
		B0A100631C4688A70092CBE9 /* Sources */ = {
			isa = PBXSourcesBuildPhase;
			buildActionMask = 2147483647;
			files = (
			);
			runOnlyForDeploymentPostprocessing = 0;
		};
		B0A1006E1C4688A70092CBE9 /* Sources */ = {
			isa = PBXSourcesBuildPhase;
			buildActionMask = 2147483647;
			files = (
			);
			runOnlyForDeploymentPostprocessing = 0;
		};
/* End PBXSourcesBuildPhase section */

/* Begin PBXTargetDependency section */
		B0A100691C4688A70092CBE9 /* PBXTargetDependency */ = {
			isa = PBXTargetDependency;
			target = B0A100491C4688A70092CBE9 /* AirGuitar */;
			targetProxy = B0A100681C4688A70092CBE9 /* PBXContainerItemProxy */;
		};
		B0A100741C4688A70092CBE9 /* PBXTargetDependency */ = {
			isa = PBXTargetDependency;
			target = B0A100491C4688A70092CBE9 /* AirGuitar */;
			targetProxy = B0A100731C4688A70092CBE9 /* PBXContainerItemProxy */;
		};
/* End PBXTargetDependency section */

/* Begin PBXVariantGroup section */
		B0A1005A1C4688A70092CBE9 /* Main.storyboard */ = {
			isa = PBXVariantGroup;
			children = (
				B0A1005B1C4688A70092CBE9 /* Base */,
			);
			name = Main.storyboard;
			sourceTree = "<group>";
		};
		B0A1005F1C4688A70092CBE9 /* LaunchScreen.storyboard */ = {
			isa = PBXVariantGroup;
			children = (
				B0A100601C4688A70092CBE9 /* Base */,
			);
			name = LaunchScreen.storyboard;
			sourceTree = "<group>";
		};
/* End PBXVariantGroup section */

/* Begin XCBuildConfiguration section */
		B0A100791C4688A70092CBE9 /* Debug */ = {
			isa = XCBuildConfiguration;
			buildSettings = {
				ALWAYS_SEARCH_USER_PATHS = NO;
				CLANG_CXX_LANGUAGE_STANDARD = "gnu++0x";
				CLANG_CXX_LIBRARY = "libc++";
				CLANG_ENABLE_MODULES = YES;
				CLANG_ENABLE_OBJC_ARC = YES;
				CLANG_WARN_BLOCK_CAPTURE_AUTORELEASING = YES;
				CLANG_WARN_BOOL_CONVERSION = YES;
				CLANG_WARN_COMMA = YES;
				CLANG_WARN_CONSTANT_CONVERSION = YES;
				CLANG_WARN_DIRECT_OBJC_ISA_USAGE = YES_ERROR;
				CLANG_WARN_EMPTY_BODY = YES;
				CLANG_WARN_ENUM_CONVERSION = YES;
				CLANG_WARN_INFINITE_RECURSION = YES;
				CLANG_WARN_INT_CONVERSION = YES;
				CLANG_WARN_NON_LITERAL_NULL_CONVERSION = YES;
				CLANG_WARN_OBJC_LITERAL_CONVERSION = YES;
				CLANG_WARN_OBJC_ROOT_CLASS = YES_ERROR;
				CLANG_WARN_RANGE_LOOP_ANALYSIS = YES;
				CLANG_WARN_STRICT_PROTOTYPES = YES;
				CLANG_WARN_SUSPICIOUS_MOVE = YES;
				CLANG_WARN_UNREACHABLE_CODE = YES;
				CLANG_WARN__DUPLICATE_METHOD_MATCH = YES;
				"CODE_SIGN_IDENTITY[sdk=iphoneos*]" = "iPhone Developer";
				COPY_PHASE_STRIP = NO;
				DEBUG_INFORMATION_FORMAT = dwarf;
				ENABLE_STRICT_OBJC_MSGSEND = YES;
				ENABLE_TESTABILITY = YES;
				GCC_C_LANGUAGE_STANDARD = gnu99;
				GCC_DYNAMIC_NO_PIC = NO;
				GCC_NO_COMMON_BLOCKS = YES;
				GCC_OPTIMIZATION_LEVEL = 0;
				GCC_PREPROCESSOR_DEFINITIONS = (
					"DEBUG=1",
					"$(inherited)",
				);
				GCC_WARN_64_TO_32_BIT_CONVERSION = YES;
				GCC_WARN_ABOUT_RETURN_TYPE = YES_ERROR;
				GCC_WARN_UNDECLARED_SELECTOR = YES;
				GCC_WARN_UNINITIALIZED_AUTOS = YES_AGGRESSIVE;
				GCC_WARN_UNUSED_FUNCTION = YES;
				GCC_WARN_UNUSED_VARIABLE = YES;
				IPHONEOS_DEPLOYMENT_TARGET = 14.0;
				MTL_ENABLE_DEBUG_INFO = YES;
				ONLY_ACTIVE_ARCH = YES;
				SDKROOT = iphoneos;
				SWIFT_OPTIMIZATION_LEVEL = "-Onone";
				SWIFT_SWIFT3_OBJC_INFERENCE = Off;
				TARGETED_DEVICE_FAMILY = "1,2";
			};
			name = Debug;
		};
		B0A1007A1C4688A70092CBE9 /* Release */ = {
			isa = XCBuildConfiguration;
			buildSettings = {
				ALWAYS_SEARCH_USER_PATHS = NO;
				CLANG_CXX_LANGUAGE_STANDARD = "gnu++0x";
				CLANG_CXX_LIBRARY = "libc++";
				CLANG_ENABLE_MODULES = YES;
				CLANG_ENABLE_OBJC_ARC = YES;
				CLANG_WARN_BLOCK_CAPTURE_AUTORELEASING = YES;
				CLANG_WARN_BOOL_CONVERSION = YES;
				CLANG_WARN_COMMA = YES;
				CLANG_WARN_CONSTANT_CONVERSION = YES;
				CLANG_WARN_DIRECT_OBJC_ISA_USAGE = YES_ERROR;
				CLANG_WARN_EMPTY_BODY = YES;
				CLANG_WARN_ENUM_CONVERSION = YES;
				CLANG_WARN_INFINITE_RECURSION = YES;
				CLANG_WARN_INT_CONVERSION = YES;
				CLANG_WARN_NON_LITERAL_NULL_CONVERSION = YES;
				CLANG_WARN_OBJC_LITERAL_CONVERSION = YES;
				CLANG_WARN_OBJC_ROOT_CLASS = YES_ERROR;
				CLANG_WARN_RANGE_LOOP_ANALYSIS = YES;
				CLANG_WARN_STRICT_PROTOTYPES = YES;
				CLANG_WARN_SUSPICIOUS_MOVE = YES;
				CLANG_WARN_UNREACHABLE_CODE = YES;
				CLANG_WARN__DUPLICATE_METHOD_MATCH = YES;
				"CODE_SIGN_IDENTITY[sdk=iphoneos*]" = "iPhone Developer";
				COPY_PHASE_STRIP = NO;
				DEBUG_INFORMATION_FORMAT = "dwarf-with-dsym";
				ENABLE_NS_ASSERTIONS = NO;
				ENABLE_STRICT_OBJC_MSGSEND = YES;
				GCC_C_LANGUAGE_STANDARD = gnu99;
				GCC_NO_COMMON_BLOCKS = YES;
				GCC_WARN_64_TO_32_BIT_CONVERSION = YES;
				GCC_WARN_ABOUT_RETURN_TYPE = YES_ERROR;
				GCC_WARN_UNDECLARED_SELECTOR = YES;
				GCC_WARN_UNINITIALIZED_AUTOS = YES_AGGRESSIVE;
				GCC_WARN_UNUSED_FUNCTION = YES;
				GCC_WARN_UNUSED_VARIABLE = YES;
				IPHONEOS_DEPLOYMENT_TARGET = 14.0;
				MTL_ENABLE_DEBUG_INFO = NO;
				SDKROOT = iphoneos;
				SWIFT_OPTIMIZATION_LEVEL = "-Owholemodule";
				SWIFT_SWIFT3_OBJC_INFERENCE = Off;
				TARGETED_DEVICE_FAMILY = "1,2";
				VALIDATE_PRODUCT = YES;
			};
			name = Release;
		};
		B0A1007C1C4688A70092CBE9 /* Debug */ = {
			isa = XCBuildConfiguration;
			buildSettings = {
				ASSETCATALOG_COMPILER_APPICON_NAME = AppIcon;
				DEVELOPMENT_TEAM = 7SBDZF5746;
				INFOPLIST_FILE = AirGuitar/Info.plist;
				IPHONEOS_DEPLOYMENT_TARGET = 14.0;
				LD_RUNPATH_SEARCH_PATHS = "$(inherited) @executable_path/Frameworks";
				PRODUCT_BUNDLE_IDENTIFIER = neo.AVAudioUnitSamplerFrobs;
				PRODUCT_NAME = "$(TARGET_NAME)";
				SWIFT_SWIFT3_OBJC_INFERENCE = Off;
				SWIFT_VERSION = 5.0;
			};
			name = Debug;
		};
		B0A1007D1C4688A70092CBE9 /* Release */ = {
			isa = XCBuildConfiguration;
			buildSettings = {
				ASSETCATALOG_COMPILER_APPICON_NAME = AppIcon;
				CODE_SIGN_STYLE = Manual;
				DEVELOPMENT_TEAM = "";
				INFOPLIST_FILE = AirGuitar/Info.plist;
				IPHONEOS_DEPLOYMENT_TARGET = 14.0;
				LD_RUNPATH_SEARCH_PATHS = "$(inherited) @executable_path/Frameworks";
				PRODUCT_BUNDLE_IDENTIFIER = com.rockhoppertech.AVAudioUnitSamplerFrobs;
				PRODUCT_NAME = "$(TARGET_NAME)";
				PROVISIONING_PROFILE_SPECIFIER = "";
				SWIFT_SWIFT3_OBJC_INFERENCE = Off;
				SWIFT_VERSION = 5.0;
			};
			name = Release;
		};
		B0A1007F1C4688A70092CBE9 /* Debug */ = {
			isa = XCBuildConfiguration;
			buildSettings = {
				BUNDLE_LOADER = "$(TEST_HOST)";
				DEVELOPMENT_TEAM = 4UDK2944TW;
				INFOPLIST_FILE = AVAudioUnitSamplerFrobsTests/Info.plist;
				LD_RUNPATH_SEARCH_PATHS = "$(inherited) @executable_path/Frameworks @loader_path/Frameworks";
				PRODUCT_BUNDLE_IDENTIFIER = com.rockhoppertech.AVAudioUnitSamplerFrobsTests;
				PRODUCT_NAME = "$(TARGET_NAME)";
				SWIFT_SWIFT3_OBJC_INFERENCE = Off;
				SWIFT_VERSION = 4.0;
				TEST_HOST = "$(BUILT_PRODUCTS_DIR)/AirGuitar.app/AirGuitar";
			};
			name = Debug;
		};
		B0A100801C4688A70092CBE9 /* Release */ = {
			isa = XCBuildConfiguration;
			buildSettings = {
				BUNDLE_LOADER = "$(TEST_HOST)";
				DEVELOPMENT_TEAM = 4UDK2944TW;
				INFOPLIST_FILE = AVAudioUnitSamplerFrobsTests/Info.plist;
				LD_RUNPATH_SEARCH_PATHS = "$(inherited) @executable_path/Frameworks @loader_path/Frameworks";
				PRODUCT_BUNDLE_IDENTIFIER = com.rockhoppertech.AVAudioUnitSamplerFrobsTests;
				PRODUCT_NAME = "$(TARGET_NAME)";
				SWIFT_SWIFT3_OBJC_INFERENCE = Off;
				SWIFT_VERSION = 4.0;
				TEST_HOST = "$(BUILT_PRODUCTS_DIR)/AirGuitar.app/AirGuitar";
			};
			name = Release;
		};
		B0A100821C4688A70092CBE9 /* Debug */ = {
			isa = XCBuildConfiguration;
			buildSettings = {
				DEVELOPMENT_TEAM = 4UDK2944TW;
				INFOPLIST_FILE = AVAudioUnitSamplerFrobsUITests/Info.plist;
				LD_RUNPATH_SEARCH_PATHS = "$(inherited) @executable_path/Frameworks @loader_path/Frameworks";
				PRODUCT_BUNDLE_IDENTIFIER = com.rockhoppertech.AVAudioUnitSamplerFrobsUITests;
				PRODUCT_NAME = "$(TARGET_NAME)";
				SWIFT_SWIFT3_OBJC_INFERENCE = Off;
				SWIFT_VERSION = 4.0;
				TEST_TARGET_NAME = AVAudioUnitSamplerFrobs;
				USES_XCTRUNNER = YES;
			};
			name = Debug;
		};
		B0A100831C4688A70092CBE9 /* Release */ = {
			isa = XCBuildConfiguration;
			buildSettings = {
				DEVELOPMENT_TEAM = 4UDK2944TW;
				INFOPLIST_FILE = AVAudioUnitSamplerFrobsUITests/Info.plist;
				LD_RUNPATH_SEARCH_PATHS = "$(inherited) @executable_path/Frameworks @loader_path/Frameworks";
				PRODUCT_BUNDLE_IDENTIFIER = com.rockhoppertech.AVAudioUnitSamplerFrobsUITests;
				PRODUCT_NAME = "$(TARGET_NAME)";
				SWIFT_SWIFT3_OBJC_INFERENCE = Off;
				SWIFT_VERSION = 4.0;
				TEST_TARGET_NAME = AVAudioUnitSamplerFrobs;
				USES_XCTRUNNER = YES;
			};
			name = Release;
		};
/* End XCBuildConfiguration section */

/* Begin XCConfigurationList section */
		B0A100451C4688A70092CBE9 /* Build configuration list for PBXProject "AirGuitar" */ = {
			isa = XCConfigurationList;
			buildConfigurations = (
				B0A100791C4688A70092CBE9 /* Debug */,
				B0A1007A1C4688A70092CBE9 /* Release */,
			);
			defaultConfigurationIsVisible = 0;
			defaultConfigurationName = Release;
		};
		B0A1007B1C4688A70092CBE9 /* Build configuration list for PBXNativeTarget "AirGuitar" */ = {
			isa = XCConfigurationList;
			buildConfigurations = (
				B0A1007C1C4688A70092CBE9 /* Debug */,
				B0A1007D1C4688A70092CBE9 /* Release */,
			);
			defaultConfigurationIsVisible = 0;
			defaultConfigurationName = Release;
		};
		B0A1007E1C4688A70092CBE9 /* Build configuration list for PBXNativeTarget "AirGuitarTests" */ = {
			isa = XCConfigurationList;
			buildConfigurations = (
				B0A1007F1C4688A70092CBE9 /* Debug */,
				B0A100801C4688A70092CBE9 /* Release */,
			);
			defaultConfigurationIsVisible = 0;
			defaultConfigurationName = Release;
		};
		B0A100811C4688A70092CBE9 /* Build configuration list for PBXNativeTarget "AirGuitarUITests" */ = {
			isa = XCConfigurationList;
			buildConfigurations = (
				B0A100821C4688A70092CBE9 /* Debug */,
				B0A100831C4688A70092CBE9 /* Release */,
			);
			defaultConfigurationIsVisible = 0;
			defaultConfigurationName = Release;
		};
/* End XCConfigurationList section */
	};
	rootObject = B0A100421C4688A70092CBE9 /* Project object */;
}
